
Microsoft Visual Studio Solution File, Format Version 12.00
# Visual Studio Version 17
VisualStudioVersion = 17.14.36109.1
MinimumVisualStudioVersion = 10.0.40219.1
Project("{FAE04EC0-301F-11D3-BF4B-00C04F79EFBC}") = "SensiveBlog.EntityLayer", "SensiveBlog.EntityLayer\SensiveBlog.EntityLayer.csproj", "{2DCD78CD-A453-4D43-A75B-58E038341C48}"
EndProject
Global
	GlobalSection(SolutionConfigurationPlatforms) = preSolution
		Debug|Any CPU = Debug|Any CPU
		Release|Any CPU = Release|Any CPU
	EndGlobalSection
	GlobalSection(ProjectConfigurationPlatforms) = postSolution
		{2DCD78CD-A453-4D43-A75B-58E038341C48}.Debug|Any CPU.ActiveCfg = Debug|Any CPU
		{2DCD78CD-A453-4D43-A75B-58E038341C48}.Debug|Any CPU.Build.0 = Debug|Any CPU
		{2DCD78CD-A453-4D43-A75B-58E038341C48}.Release|Any CPU.ActiveCfg = Release|Any CPU
		{2DCD78CD-A453-4D43-A75B-58E038341C48}.Release|Any CPU.Build.0 = Release|Any CPU
	EndGlobalSection
	GlobalSection(SolutionProperties) = preSolution
		HideSolutionNode = FALSE
	EndGlobalSection
	GlobalSection(ExtensibilityGlobals) = postSolution
		SolutionGuid = {BC488E27-D6E1-4138-96B2-5CA736403A62}
	EndGlobalSection
EndGlobal
